
Microsoft Visual Studio Solution File, Format Version 12.00
# Visual Studio 2013
VisualStudioVersion = 12.0.31101.0
MinimumVisualStudioVersion = 10.0.40219.1
Project("{FAE04EC0-301F-11D3-BF4B-00C04F79EFBC}") = "demo", "demo1\demo.csproj", "{586ED3A5-B4A3-4D6D-91AD-FBF540AC5DCE}"
EndProject
Global
	GlobalSection(SolutionConfigurationPlatforms) = preSolution
		Debug|Any CPU = Debug|Any CPU
		Release|Any CPU = Release|Any CPU
	EndGlobalSection
	GlobalSection(ProjectConfigurationPlatforms) = postSolution
		{586ED3A5-B4A3-4D6D-91AD-FBF540AC5DCE}.Debug|Any CPU.ActiveCfg = Debug|Any CPU
		{586ED3A5-B4A3-4D6D-91AD-FBF540AC5DCE}.Debug|Any CPU.Build.0 = Debug|Any CPU
		{586ED3A5-B4A3-4D6D-91AD-FBF540AC5DCE}.Release|Any CPU.ActiveCfg = Release|Any CPU
		{586ED3A5-B4A3-4D6D-91AD-FBF540AC5DCE}.Release|Any CPU.Build.0 = Release|Any CPU
	EndGlobalSection
	GlobalSection(SolutionProperties) = preSolution
		HideSolutionNode = FALSE
	EndGlobalSection
EndGlobal
